
Microsoft Visual Studio Solution File, Format Version 12.00
# Visual Studio 2013
VisualStudioVersion = 12.0.21005.1
MinimumVisualStudioVersion = 10.0.40219.1
Project("{FAE04EC0-301F-11D3-BF4B-00C04F79EFBC}") = "WebQQRobot", "WebQQRobot\WebQQRobot.csproj", "{F5DAA58F-0D7D-46F6-B887-EE327DC37AAD}"
EndProject
Project("{FAE04EC0-301F-11D3-BF4B-00C04F79EFBC}") = "SKCommonLib", "SKCommonLib\SKCommonLib.csproj", "{A7E26FBD-A0AB-4CDE-873B-0BB32A6545F3}"
EndProject
Project("{FAE04EC0-301F-11D3-BF4B-00C04F79EFBC}") = "SmartQQRobat", "SmartQQRobat\SmartQQRobat.csproj", "{A1750068-6206-468E-935E-DD2E2239014F}"
EndProject
Project("{FAE04EC0-301F-11D3-BF4B-00C04F79EFBC}") = "CoreComponent", "CoreComponent\CoreComponent.csproj", "{41B5750F-11A9-4483-A223-E5843FAA2AE6}"
EndProject
Project("{FAE04EC0-301F-11D3-BF4B-00C04F79EFBC}") = "LOLRank", "LOLRank\LOLRank.csproj", "{8553F67E-5227-49A6-A7A0-FBA444DACE5E}"
EndProject
Project("{FAE04EC0-301F-11D3-BF4B-00C04F79EFBC}") = "PluginInterfece", "PluginInterfece\PluginInterfece.csproj", "{6EC8BCAA-2522-4838-922E-AB88E4B60D91}"
EndProject
Global
	GlobalSection(SolutionConfigurationPlatforms) = preSolution
		Debug|Any CPU = Debug|Any CPU
		Debug|x86 = Debug|x86
		Debugx86|Any CPU = Debugx86|Any CPU
		Debugx86|x86 = Debugx86|x86
		Release|Any CPU = Release|Any CPU
		Release|x86 = Release|x86
		Releasex86|Any CPU = Releasex86|Any CPU
		Releasex86|x86 = Releasex86|x86
	EndGlobalSection
	GlobalSection(ProjectConfigurationPlatforms) = postSolution
		{F5DAA58F-0D7D-46F6-B887-EE327DC37AAD}.Debug|Any CPU.ActiveCfg = Debug|Any CPU
		{F5DAA58F-0D7D-46F6-B887-EE327DC37AAD}.Debug|Any CPU.Build.0 = Debug|Any CPU
		{F5DAA58F-0D7D-46F6-B887-EE327DC37AAD}.Debug|x86.ActiveCfg = Debug|x86
		{F5DAA58F-0D7D-46F6-B887-EE327DC37AAD}.Debug|x86.Build.0 = Debug|x86
		{F5DAA58F-0D7D-46F6-B887-EE327DC37AAD}.Debugx86|Any CPU.ActiveCfg = Debugx86|Any CPU
		{F5DAA58F-0D7D-46F6-B887-EE327DC37AAD}.Debugx86|Any CPU.Build.0 = Debugx86|Any CPU
		{F5DAA58F-0D7D-46F6-B887-EE327DC37AAD}.Debugx86|x86.ActiveCfg = Debugx86|x86
		{F5DAA58F-0D7D-46F6-B887-EE327DC37AAD}.Debugx86|x86.Build.0 = Debugx86|x86
		{F5DAA58F-0D7D-46F6-B887-EE327DC37AAD}.Release|Any CPU.ActiveCfg = Release|Any CPU
		{F5DAA58F-0D7D-46F6-B887-EE327DC37AAD}.Release|Any CPU.Build.0 = Release|Any CPU
		{F5DAA58F-0D7D-46F6-B887-EE327DC37AAD}.Release|x86.ActiveCfg = Release|x86
		{F5DAA58F-0D7D-46F6-B887-EE327DC37AAD}.Release|x86.Build.0 = Release|x86
		{F5DAA58F-0D7D-46F6-B887-EE327DC37AAD}.Releasex86|Any CPU.ActiveCfg = Releasex86|Any CPU
		{F5DAA58F-0D7D-46F6-B887-EE327DC37AAD}.Releasex86|Any CPU.Build.0 = Releasex86|Any CPU
		{F5DAA58F-0D7D-46F6-B887-EE327DC37AAD}.Releasex86|x86.ActiveCfg = Releasex86|x86
		{F5DAA58F-0D7D-46F6-B887-EE327DC37AAD}.Releasex86|x86.Build.0 = Releasex86|x86
		{A7E26FBD-A0AB-4CDE-873B-0BB32A6545F3}.Debug|Any CPU.ActiveCfg = Debug|Any CPU
		{A7E26FBD-A0AB-4CDE-873B-0BB32A6545F3}.Debug|Any CPU.Build.0 = Debug|Any CPU
		{A7E26FBD-A0AB-4CDE-873B-0BB32A6545F3}.Debug|x86.ActiveCfg = Debug|x86
		{A7E26FBD-A0AB-4CDE-873B-0BB32A6545F3}.Debug|x86.Build.0 = Debug|x86
		{A7E26FBD-A0AB-4CDE-873B-0BB32A6545F3}.Debugx86|Any CPU.ActiveCfg = Debugx86|Any CPU
		{A7E26FBD-A0AB-4CDE-873B-0BB32A6545F3}.Debugx86|Any CPU.Build.0 = Debugx86|Any CPU
		{A7E26FBD-A0AB-4CDE-873B-0BB32A6545F3}.Debugx86|x86.ActiveCfg = Debugx86|x86
		{A7E26FBD-A0AB-4CDE-873B-0BB32A6545F3}.Debugx86|x86.Build.0 = Debugx86|x86
		{A7E26FBD-A0AB-4CDE-873B-0BB32A6545F3}.Release|Any CPU.ActiveCfg = Release|Any CPU
		{A7E26FBD-A0AB-4CDE-873B-0BB32A6545F3}.Release|Any CPU.Build.0 = Release|Any CPU
		{A7E26FBD-A0AB-4CDE-873B-0BB32A6545F3}.Release|x86.ActiveCfg = Release|x86
		{A7E26FBD-A0AB-4CDE-873B-0BB32A6545F3}.Release|x86.Build.0 = Release|x86
		{A7E26FBD-A0AB-4CDE-873B-0BB32A6545F3}.Releasex86|Any CPU.ActiveCfg = Releasex86|Any CPU
		{A7E26FBD-A0AB-4CDE-873B-0BB32A6545F3}.Releasex86|Any CPU.Build.0 = Releasex86|Any CPU
		{A7E26FBD-A0AB-4CDE-873B-0BB32A6545F3}.Releasex86|x86.ActiveCfg = Releasex86|x86
		{A7E26FBD-A0AB-4CDE-873B-0BB32A6545F3}.Releasex86|x86.Build.0 = Releasex86|x86
		{A1750068-6206-468E-935E-DD2E2239014F}.Debug|Any CPU.ActiveCfg = Debug|Any CPU
		{A1750068-6206-468E-935E-DD2E2239014F}.Debug|Any CPU.Build.0 = Debug|Any CPU
		{A1750068-6206-468E-935E-DD2E2239014F}.Debug|x86.ActiveCfg = Debug|x86
		{A1750068-6206-468E-935E-DD2E2239014F}.Debug|x86.Build.0 = Debug|x86
		{A1750068-6206-468E-935E-DD2E2239014F}.Debugx86|Any CPU.ActiveCfg = Debugx86|Any CPU
		{A1750068-6206-468E-935E-DD2E2239014F}.Debugx86|Any CPU.Build.0 = Debugx86|Any CPU
		{A1750068-6206-468E-935E-DD2E2239014F}.Debugx86|x86.ActiveCfg = Debugx86|x86
		{A1750068-6206-468E-935E-DD2E2239014F}.Debugx86|x86.Build.0 = Debugx86|x86
		{A1750068-6206-468E-935E-DD2E2239014F}.Release|Any CPU.ActiveCfg = Release|Any CPU
		{A1750068-6206-468E-935E-DD2E2239014F}.Release|Any CPU.Build.0 = Release|Any CPU
		{A1750068-6206-468E-935E-DD2E2239014F}.Release|x86.ActiveCfg = Release|x86
		{A1750068-6206-468E-935E-DD2E2239014F}.Release|x86.Build.0 = Release|x86
		{A1750068-6206-468E-935E-DD2E2239014F}.Releasex86|Any CPU.ActiveCfg = Releasex86|Any CPU
		{A1750068-6206-468E-935E-DD2E2239014F}.Releasex86|Any CPU.Build.0 = Releasex86|Any CPU
		{A1750068-6206-468E-935E-DD2E2239014F}.Releasex86|x86.ActiveCfg = Releasex86|x86
		{A1750068-6206-468E-935E-DD2E2239014F}.Releasex86|x86.Build.0 = Releasex86|x86
		{41B5750F-11A9-4483-A223-E5843FAA2AE6}.Debug|Any CPU.ActiveCfg = Debug|Any CPU
		{41B5750F-11A9-4483-A223-E5843FAA2AE6}.Debug|Any CPU.Build.0 = Debug|Any CPU
		{41B5750F-11A9-4483-A223-E5843FAA2AE6}.Debug|x86.ActiveCfg = Debug|x86
		{41B5750F-11A9-4483-A223-E5843FAA2AE6}.Debug|x86.Build.0 = Debug|x86
		{41B5750F-11A9-4483-A223-E5843FAA2AE6}.Debugx86|Any CPU.ActiveCfg = Debugx86|Any CPU
		{41B5750F-11A9-4483-A223-E5843FAA2AE6}.Debugx86|Any CPU.Build.0 = Debugx86|Any CPU
		{41B5750F-11A9-4483-A223-E5843FAA2AE6}.Debugx86|x86.ActiveCfg = Debugx86|x86
		{41B5750F-11A9-4483-A223-E5843FAA2AE6}.Debugx86|x86.Build.0 = Debugx86|x86
		{41B5750F-11A9-4483-A223-E5843FAA2AE6}.Release|Any CPU.ActiveCfg = Release|Any CPU
		{41B5750F-11A9-4483-A223-E5843FAA2AE6}.Release|Any CPU.Build.0 = Release|Any CPU
		{41B5750F-11A9-4483-A223-E5843FAA2AE6}.Release|x86.ActiveCfg = Release|x86
		{41B5750F-11A9-4483-A223-E5843FAA2AE6}.Release|x86.Build.0 = Release|x86
		{41B5750F-11A9-4483-A223-E5843FAA2AE6}.Releasex86|Any CPU.ActiveCfg = Releasex86|Any CPU
		{41B5750F-11A9-4483-A223-E5843FAA2AE6}.Releasex86|Any CPU.Build.0 = Releasex86|Any CPU
		{41B5750F-11A9-4483-A223-E5843FAA2AE6}.Releasex86|x86.ActiveCfg = Releasex86|x86
		{41B5750F-11A9-4483-A223-E5843FAA2AE6}.Releasex86|x86.Build.0 = Releasex86|x86
		{8553F67E-5227-49A6-A7A0-FBA444DACE5E}.Debug|Any CPU.ActiveCfg = Debug|Any CPU
		{8553F67E-5227-49A6-A7A0-FBA444DACE5E}.Debug|Any CPU.Build.0 = Debug|Any CPU
		{8553F67E-5227-49A6-A7A0-FBA444DACE5E}.Debug|x86.ActiveCfg = Debug|x86
		{8553F67E-5227-49A6-A7A0-FBA444DACE5E}.Debug|x86.Build.0 = Debug|x86
		{8553F67E-5227-49A6-A7A0-FBA444DACE5E}.Debugx86|Any CPU.ActiveCfg = Debugx86|Any CPU
		{8553F67E-5227-49A6-A7A0-FBA444DACE5E}.Debugx86|Any CPU.Build.0 = Debugx86|Any CPU
		{8553F67E-5227-49A6-A7A0-FBA444DACE5E}.Debugx86|x86.ActiveCfg = Debugx86|x86
		{8553F67E-5227-49A6-A7A0-FBA444DACE5E}.Debugx86|x86.Build.0 = Debugx86|x86
		{8553F67E-5227-49A6-A7A0-FBA444DACE5E}.Release|Any CPU.ActiveCfg = Release|Any CPU
		{8553F67E-5227-49A6-A7A0-FBA444DACE5E}.Release|Any CPU.Build.0 = Release|Any CPU
		{8553F67E-5227-49A6-A7A0-FBA444DACE5E}.Release|x86.ActiveCfg = Release|x86
		{8553F67E-5227-49A6-A7A0-FBA444DACE5E}.Release|x86.Build.0 = Release|x86
		{8553F67E-5227-49A6-A7A0-FBA444DACE5E}.Releasex86|Any CPU.ActiveCfg = Releasex86|Any CPU
		{8553F67E-5227-49A6-A7A0-FBA444DACE5E}.Releasex86|Any CPU.Build.0 = Releasex86|Any CPU
		{8553F67E-5227-49A6-A7A0-FBA444DACE5E}.Releasex86|x86.ActiveCfg = Releasex86|x86
		{8553F67E-5227-49A6-A7A0-FBA444DACE5E}.Releasex86|x86.Build.0 = Releasex86|x86
		{6EC8BCAA-2522-4838-922E-AB88E4B60D91}.Debug|Any CPU.ActiveCfg = Debug|Any CPU
		{6EC8BCAA-2522-4838-922E-AB88E4B60D91}.Debug|Any CPU.Build.0 = Debug|Any CPU
		{6EC8BCAA-2522-4838-922E-AB88E4B60D91}.Debug|x86.ActiveCfg = Debug|x86
		{6EC8BCAA-2522-4838-922E-AB88E4B60D91}.Debug|x86.Build.0 = Debug|x86
		{6EC8BCAA-2522-4838-922E-AB88E4B60D91}.Debugx86|Any CPU.ActiveCfg = Debugx86|Any CPU
		{6EC8BCAA-2522-4838-922E-AB88E4B60D91}.Debugx86|Any CPU.Build.0 = Debugx86|Any CPU
		{6EC8BCAA-2522-4838-922E-AB88E4B60D91}.Debugx86|x86.ActiveCfg = Debugx86|x86
		{6EC8BCAA-2522-4838-922E-AB88E4B60D91}.Debugx86|x86.Build.0 = Debugx86|x86
		{6EC8BCAA-2522-4838-922E-AB88E4B60D91}.Release|Any CPU.ActiveCfg = Release|Any CPU
		{6EC8BCAA-2522-4838-922E-AB88E4B60D91}.Release|Any CPU.Build.0 = Release|Any CPU
		{6EC8BCAA-2522-4838-922E-AB88E4B60D91}.Release|x86.ActiveCfg = Release|x86
		{6EC8BCAA-2522-4838-922E-AB88E4B60D91}.Release|x86.Build.0 = Release|x86
		{6EC8BCAA-2522-4838-922E-AB88E4B60D91}.Releasex86|Any CPU.ActiveCfg = Releasex86|Any CPU
		{6EC8BCAA-2522-4838-922E-AB88E4B60D91}.Releasex86|Any CPU.Build.0 = Releasex86|Any CPU
		{6EC8BCAA-2522-4838-922E-AB88E4B60D91}.Releasex86|x86.ActiveCfg = Releasex86|x86
		{6EC8BCAA-2522-4838-922E-AB88E4B60D91}.Releasex86|x86.Build.0 = Releasex86|x86
	EndGlobalSection
	GlobalSection(SolutionProperties) = preSolution
		HideSolutionNode = FALSE
	EndGlobalSection
EndGlobal
